// !$*UTF8*$!
{
	archiveVersion = 1;
	classes = {
	};
	objectVersion = 56;
	objects = {

/* Begin PBXBuildFile section */
		4F0E31322961C41C00666088 /* SystatiscticViewController.swift in Sources */ = {isa = PBXBuildFile; fileRef = 4F0E31312961C41C00666088 /* SystatiscticViewController.swift */; };
		4F0E31342961C61500666088 /* SystatisticCoordinator.swift in Sources */ = {isa = PBXBuildFile; fileRef = 4F0E31332961C61500666088 /* SystatisticCoordinator.swift */; };
		4F0E31362961C6A700666088 /* SystatisticViewModel.swift in Sources */ = {isa = PBXBuildFile; fileRef = 4F0E31352961C6A700666088 /* SystatisticViewModel.swift */; };
		4F2C592A2944DE7900CADA82 /* CustomizeAppearance.swift in Sources */ = {isa = PBXBuildFile; fileRef = 4F2C59292944DE7900CADA82 /* CustomizeAppearance.swift */; };
		4F2C592C2944FF5900CADA82 /* SettingsViewModel.swift in Sources */ = {isa = PBXBuildFile; fileRef = 4F2C592B2944FF5900CADA82 /* SettingsViewModel.swift */; };
		4F2C592E2945008200CADA82 /* SettingsCell.swift in Sources */ = {isa = PBXBuildFile; fileRef = 4F2C592D2945008200CADA82 /* SettingsCell.swift */; };
		4F2C5930294502A200CADA82 /* UITableView+Ext.swift in Sources */ = {isa = PBXBuildFile; fileRef = 4F2C592F294502A200CADA82 /* UITableView+Ext.swift */; };
		4F2C59322945054F00CADA82 /* UILabel+Ext.swift in Sources */ = {isa = PBXBuildFile; fileRef = 4F2C59312945054F00CADA82 /* UILabel+Ext.swift */; };
		4F2C59342945095800CADA82 /* UIViewController+Ext.swift in Sources */ = {isa = PBXBuildFile; fileRef = 4F2C59332945095800CADA82 /* UIViewController+Ext.swift */; };
		4F2C5936294610DD00CADA82 /* PresentationViewController.swift in Sources */ = {isa = PBXBuildFile; fileRef = 4F2C5935294610DD00CADA82 /* PresentationViewController.swift */; };
		4F2C599B294E293300CADA82 /* BasketCoordinator.swift in Sources */ = {isa = PBXBuildFile; fileRef = 4F2C599A294E293300CADA82 /* BasketCoordinator.swift */; };
		4F2C599E294E29D600CADA82 /* BasketVC.swift in Sources */ = {isa = PBXBuildFile; fileRef = 4F2C599D294E29D600CADA82 /* BasketVC.swift */; };
		4F2C59A0294E5BC600CADA82 /* BasketViewModel.swift in Sources */ = {isa = PBXBuildFile; fileRef = 4F2C599F294E5BC600CADA82 /* BasketViewModel.swift */; };
		4F2C59A4294F4CCB00CADA82 /* String+Ext.swift in Sources */ = {isa = PBXBuildFile; fileRef = 4F2C59A3294F4CCB00CADA82 /* String+Ext.swift */; };
		4F2C59A6294FAC6E00CADA82 /* BasketCell.swift in Sources */ = {isa = PBXBuildFile; fileRef = 4F2C59A5294FAC6E00CADA82 /* BasketCell.swift */; };
		4F2C59A8294FD94100CADA82 /* BasketTableViewCell.swift in Sources */ = {isa = PBXBuildFile; fileRef = 4F2C59A7294FD94100CADA82 /* BasketTableViewCell.swift */; };
		4F2F1946295DDEB30016D938 /* CALayer+Ext.swift in Sources */ = {isa = PBXBuildFile; fileRef = 4F2F1945295DDEB30016D938 /* CALayer+Ext.swift */; };
		4F3D4826293A6A3300F335FD /* ArrangedProductVC.swift in Sources */ = {isa = PBXBuildFile; fileRef = 4F3D4825293A6A3300F335FD /* ArrangedProductVC.swift */; };
		4F3D4828293A6A7000F335FD /* ArrangedCoordinator.swift in Sources */ = {isa = PBXBuildFile; fileRef = 4F3D4827293A6A7000F335FD /* ArrangedCoordinator.swift */; };
		4F3D482A293A6DF900F335FD /* ArrangedViewModel.swift in Sources */ = {isa = PBXBuildFile; fileRef = 4F3D4829293A6DF900F335FD /* ArrangedViewModel.swift */; };
		4F45E188291831C9002A8294 /* AppDelegate.swift in Sources */ = {isa = PBXBuildFile; fileRef = 4F45E187291831C9002A8294 /* AppDelegate.swift */; };
		4F45E18A291831C9002A8294 /* SceneDelegate.swift in Sources */ = {isa = PBXBuildFile; fileRef = 4F45E189291831C9002A8294 /* SceneDelegate.swift */; };
		4F45E18F291831C9002A8294 /* Main.storyboard in Resources */ = {isa = PBXBuildFile; fileRef = 4F45E18D291831C9002A8294 /* Main.storyboard */; };
		4F45E192291831C9002A8294 /* StokTracking.xcdatamodeld in Sources */ = {isa = PBXBuildFile; fileRef = 4F45E190291831C9002A8294 /* StokTracking.xcdatamodeld */; };
		4F45E194291831CA002A8294 /* Assets.xcassets in Resources */ = {isa = PBXBuildFile; fileRef = 4F45E193291831CA002A8294 /* Assets.xcassets */; };
		4F45E197291831CA002A8294 /* LaunchScreen.storyboard in Resources */ = {isa = PBXBuildFile; fileRef = 4F45E195291831CA002A8294 /* LaunchScreen.storyboard */; };
		4F45E19F29183280002A8294 /* AppCoordinator.swift in Sources */ = {isa = PBXBuildFile; fileRef = 4F45E19E29183280002A8294 /* AppCoordinator.swift */; };
		4F45E1A1291833FD002A8294 /* HomeCoordinator.swift in Sources */ = {isa = PBXBuildFile; fileRef = 4F45E1A0291833FD002A8294 /* HomeCoordinator.swift */; };
		4F45E1A329183571002A8294 /* SettingsVC.swift in Sources */ = {isa = PBXBuildFile; fileRef = 4F45E1A229183571002A8294 /* SettingsVC.swift */; };
		4F45E1A5291835BC002A8294 /* HomeVC.swift in Sources */ = {isa = PBXBuildFile; fileRef = 4F45E1A4291835BC002A8294 /* HomeVC.swift */; };
		4F45E1A7291841B6002A8294 /* TabBarController.swift in Sources */ = {isa = PBXBuildFile; fileRef = 4F45E1A6291841B6002A8294 /* TabBarController.swift */; };
		4F45E1B2291852B8002A8294 /* HomePageCell.swift in Sources */ = {isa = PBXBuildFile; fileRef = 4F45E1B1291852B8002A8294 /* HomePageCell.swift */; };
		4F45E1B629185BDA002A8294 /* FeaturesListViewModel.swift in Sources */ = {isa = PBXBuildFile; fileRef = 4F45E1B529185BDA002A8294 /* FeaturesListViewModel.swift */; };
		4F45E1B929186165002A8294 /* Constants.swift in Sources */ = {isa = PBXBuildFile; fileRef = 4F45E1B829186165002A8294 /* Constants.swift */; };
		4F45E1BC29186960002A8294 /* BaseCollectionViews.swift in Sources */ = {isa = PBXBuildFile; fileRef = 4F45E1BB29186960002A8294 /* BaseCollectionViews.swift */; };
		4F45E1BE29186B1F002A8294 /* TitleViewModel.swift in Sources */ = {isa = PBXBuildFile; fileRef = 4F45E1BD29186B1F002A8294 /* TitleViewModel.swift */; };
		4F45E1F129190E2A002A8294 /* UITabBarController+Extensions.swift in Sources */ = {isa = PBXBuildFile; fileRef = 4F45E1F029190E2A002A8294 /* UITabBarController+Extensions.swift */; };
		4F45E225291AC7EC002A8294 /* AddProductCoordinator.swift in Sources */ = {isa = PBXBuildFile; fileRef = 4F45E224291AC7EC002A8294 /* AddProductCoordinator.swift */; };
		4F45E227291ACEC7002A8294 /* AddProductVC.swift in Sources */ = {isa = PBXBuildFile; fileRef = 4F45E226291ACEC7002A8294 /* AddProductVC.swift */; };
		4F45E229291AEB3D002A8294 /* UIApplication+Extensions.swift in Sources */ = {isa = PBXBuildFile; fileRef = 4F45E228291AEB3D002A8294 /* UIApplication+Extensions.swift */; };
		4F45E22B291AEE05002A8294 /* UIImage+Extensions.swift in Sources */ = {isa = PBXBuildFile; fileRef = 4F45E22A291AEE05002A8294 /* UIImage+Extensions.swift */; };
		4F45E22D291AEEA1002A8294 /* Helper.swift in Sources */ = {isa = PBXBuildFile; fileRef = 4F45E22C291AEEA1002A8294 /* Helper.swift */; };
		4F45E22F291AF522002A8294 /* AddProductCollectionViews.swift in Sources */ = {isa = PBXBuildFile; fileRef = 4F45E22E291AF522002A8294 /* AddProductCollectionViews.swift */; };
		4F45E231291AFCA5002A8294 /* AddProductViewModel.swift in Sources */ = {isa = PBXBuildFile; fileRef = 4F45E230291AFCA5002A8294 /* AddProductViewModel.swift */; };
		4F51FE36291C397700FE6B25 /* UITextField+Extensions.swift in Sources */ = {isa = PBXBuildFile; fileRef = 4F51FE35291C397700FE6B25 /* UITextField+Extensions.swift */; };
		4F51FE38291D124400FE6B25 /* CoreDataManager.swift in Sources */ = {isa = PBXBuildFile; fileRef = 4F51FE37291D124400FE6B25 /* CoreDataManager.swift */; };
		4F5CE83729519A8F00628FF8 /* BasketChildVC.swift in Sources */ = {isa = PBXBuildFile; fileRef = 4F5CE83629519A8F00628FF8 /* BasketChildVC.swift */; };
		4F5CE8392951A3F800628FF8 /* BasketChildViewModel.swift in Sources */ = {isa = PBXBuildFile; fileRef = 4F5CE8382951A3F800628FF8 /* BasketChildViewModel.swift */; };
		4F5CE844295358CF00628FF8 /* OpenSans-Bold.ttf in Resources */ = {isa = PBXBuildFile; fileRef = 4F5CE843295358CF00628FF8 /* OpenSans-Bold.ttf */; };
		4F5CE846295358D800628FF8 /* OpenSans-ExtraBold.ttf in Resources */ = {isa = PBXBuildFile; fileRef = 4F5CE845295358D800628FF8 /* OpenSans-ExtraBold.ttf */; };
		4FA8960C296501F20003E279 /* SystatisticChildCell.swift in Sources */ = {isa = PBXBuildFile; fileRef = 4FA8960B296501F20003E279 /* SystatisticChildCell.swift */; };
		4FA8960E296517DA0003E279 /* Date+Ext.swift in Sources */ = {isa = PBXBuildFile; fileRef = 4FA8960D296517DA0003E279 /* Date+Ext.swift */; };
		4FA896112967A7000003E279 /* SystatisticDetailCell.swift in Sources */ = {isa = PBXBuildFile; fileRef = 4FA896102967A7000003E279 /* SystatisticDetailCell.swift */; };
		4FC79C942934F7EB00F1FCB1 /* UIColor+Extensions.swift in Sources */ = {isa = PBXBuildFile; fileRef = 4FC79C932934F7EB00F1FCB1 /* UIColor+Extensions.swift */; };
		4FC79CE0293660CE00F1FCB1 /* UIView+Extensions.swift in Sources */ = {isa = PBXBuildFile; fileRef = 4FC79CDF293660CE00F1FCB1 /* UIView+Extensions.swift */; };
		4FF28213296A3CC0000DCE37 /* CGFloat+Ext.swift in Sources */ = {isa = PBXBuildFile; fileRef = 4FF28212296A3CC0000DCE37 /* CGFloat+Ext.swift */; };
		4FF28215296F3BF0000DCE37 /* CalendarCoordinator.swift in Sources */ = {isa = PBXBuildFile; fileRef = 4FF28214296F3BF0000DCE37 /* CalendarCoordinator.swift */; };
		4FF28217296F3EA8000DCE37 /* CalendarController.swift in Sources */ = {isa = PBXBuildFile; fileRef = 4FF28216296F3EA8000DCE37 /* CalendarController.swift */; };
		FD7C23B3EB5CD8EC4A33465E /* Pods_StokTracking.framework in Frameworks */ = {isa = PBXBuildFile; fileRef = 0B63A8060F2A7191155F92DC /* Pods_StokTracking.framework */; };
/* End PBXBuildFile section */

/* Begin PBXFileReference section */
		0B63A8060F2A7191155F92DC /* Pods_StokTracking.framework */ = {isa = PBXFileReference; explicitFileType = wrapper.framework; includeInIndex = 0; path = Pods_StokTracking.framework; sourceTree = BUILT_PRODUCTS_DIR; };
		4F0E31312961C41C00666088 /* SystatiscticViewController.swift */ = {isa = PBXFileReference; lastKnownFileType = sourcecode.swift; path = SystatiscticViewController.swift; sourceTree = "<group>"; };
		4F0E31332961C61500666088 /* SystatisticCoordinator.swift */ = {isa = PBXFileReference; lastKnownFileType = sourcecode.swift; path = SystatisticCoordinator.swift; sourceTree = "<group>"; };
		4F0E31352961C6A700666088 /* SystatisticViewModel.swift */ = {isa = PBXFileReference; lastKnownFileType = sourcecode.swift; path = SystatisticViewModel.swift; sourceTree = "<group>"; };
		4F2C59292944DE7900CADA82 /* CustomizeAppearance.swift */ = {isa = PBXFileReference; lastKnownFileType = sourcecode.swift; path = CustomizeAppearance.swift; sourceTree = "<group>"; };
		4F2C592B2944FF5900CADA82 /* SettingsViewModel.swift */ = {isa = PBXFileReference; lastKnownFileType = sourcecode.swift; path = SettingsViewModel.swift; sourceTree = "<group>"; };
		4F2C592D2945008200CADA82 /* SettingsCell.swift */ = {isa = PBXFileReference; lastKnownFileType = sourcecode.swift; path = SettingsCell.swift; sourceTree = "<group>"; };
		4F2C592F294502A200CADA82 /* UITableView+Ext.swift */ = {isa = PBXFileReference; lastKnownFileType = sourcecode.swift; path = "UITableView+Ext.swift"; sourceTree = "<group>"; };
		4F2C59312945054F00CADA82 /* UILabel+Ext.swift */ = {isa = PBXFileReference; lastKnownFileType = sourcecode.swift; path = "UILabel+Ext.swift"; sourceTree = "<group>"; };
		4F2C59332945095800CADA82 /* UIViewController+Ext.swift */ = {isa = PBXFileReference; lastKnownFileType = sourcecode.swift; path = "UIViewController+Ext.swift"; sourceTree = "<group>"; };
		4F2C5935294610DD00CADA82 /* PresentationViewController.swift */ = {isa = PBXFileReference; lastKnownFileType = sourcecode.swift; path = PresentationViewController.swift; sourceTree = "<group>"; };
		4F2C599A294E293300CADA82 /* BasketCoordinator.swift */ = {isa = PBXFileReference; lastKnownFileType = sourcecode.swift; path = BasketCoordinator.swift; sourceTree = "<group>"; };
		4F2C599D294E29D600CADA82 /* BasketVC.swift */ = {isa = PBXFileReference; lastKnownFileType = sourcecode.swift; path = BasketVC.swift; sourceTree = "<group>"; };
		4F2C599F294E5BC600CADA82 /* BasketViewModel.swift */ = {isa = PBXFileReference; lastKnownFileType = sourcecode.swift; path = BasketViewModel.swift; sourceTree = "<group>"; };
		4F2C59A3294F4CCB00CADA82 /* String+Ext.swift */ = {isa = PBXFileReference; lastKnownFileType = sourcecode.swift; path = "String+Ext.swift"; sourceTree = "<group>"; };
		4F2C59A5294FAC6E00CADA82 /* BasketCell.swift */ = {isa = PBXFileReference; lastKnownFileType = sourcecode.swift; path = BasketCell.swift; sourceTree = "<group>"; };
		4F2C59A7294FD94100CADA82 /* BasketTableViewCell.swift */ = {isa = PBXFileReference; lastKnownFileType = sourcecode.swift; path = BasketTableViewCell.swift; sourceTree = "<group>"; };
		4F2F1945295DDEB30016D938 /* CALayer+Ext.swift */ = {isa = PBXFileReference; lastKnownFileType = sourcecode.swift; path = "CALayer+Ext.swift"; sourceTree = "<group>"; };
		4F3D4825293A6A3300F335FD /* ArrangedProductVC.swift */ = {isa = PBXFileReference; lastKnownFileType = sourcecode.swift; path = ArrangedProductVC.swift; sourceTree = "<group>"; };
		4F3D4827293A6A7000F335FD /* ArrangedCoordinator.swift */ = {isa = PBXFileReference; lastKnownFileType = sourcecode.swift; path = ArrangedCoordinator.swift; sourceTree = "<group>"; };
		4F3D4829293A6DF900F335FD /* ArrangedViewModel.swift */ = {isa = PBXFileReference; lastKnownFileType = sourcecode.swift; path = ArrangedViewModel.swift; sourceTree = "<group>"; };
		4F45E184291831C9002A8294 /* StokTracking.app */ = {isa = PBXFileReference; explicitFileType = wrapper.application; includeInIndex = 0; path = StokTracking.app; sourceTree = BUILT_PRODUCTS_DIR; };
		4F45E187291831C9002A8294 /* AppDelegate.swift */ = {isa = PBXFileReference; lastKnownFileType = sourcecode.swift; path = AppDelegate.swift; sourceTree = "<group>"; };
		4F45E189291831C9002A8294 /* SceneDelegate.swift */ = {isa = PBXFileReference; lastKnownFileType = sourcecode.swift; path = SceneDelegate.swift; sourceTree = "<group>"; };
		4F45E18E291831C9002A8294 /* Base */ = {isa = PBXFileReference; lastKnownFileType = file.storyboard; name = Base; path = Base.lproj/Main.storyboard; sourceTree = "<group>"; };
		4F45E191291831C9002A8294 /* StokTracking.xcdatamodel */ = {isa = PBXFileReference; lastKnownFileType = wrapper.xcdatamodel; path = StokTracking.xcdatamodel; sourceTree = "<group>"; };
		4F45E193291831CA002A8294 /* Assets.xcassets */ = {isa = PBXFileReference; lastKnownFileType = folder.assetcatalog; path = Assets.xcassets; sourceTree = "<group>"; };
		4F45E196291831CA002A8294 /* Base */ = {isa = PBXFileReference; lastKnownFileType = file.storyboard; name = Base; path = Base.lproj/LaunchScreen.storyboard; sourceTree = "<group>"; };
		4F45E198291831CA002A8294 /* Info.plist */ = {isa = PBXFileReference; lastKnownFileType = text.plist.xml; path = Info.plist; sourceTree = "<group>"; };
		4F45E19E29183280002A8294 /* AppCoordinator.swift */ = {isa = PBXFileReference; lastKnownFileType = sourcecode.swift; path = AppCoordinator.swift; sourceTree = "<group>"; };
		4F45E1A0291833FD002A8294 /* HomeCoordinator.swift */ = {isa = PBXFileReference; lastKnownFileType = sourcecode.swift; path = HomeCoordinator.swift; sourceTree = "<group>"; };
		4F45E1A229183571002A8294 /* SettingsVC.swift */ = {isa = PBXFileReference; lastKnownFileType = sourcecode.swift; path = SettingsVC.swift; sourceTree = "<group>"; };
		4F45E1A4291835BC002A8294 /* HomeVC.swift */ = {isa = PBXFileReference; lastKnownFileType = sourcecode.swift; path = HomeVC.swift; sourceTree = "<group>"; };
		4F45E1A6291841B6002A8294 /* TabBarController.swift */ = {isa = PBXFileReference; lastKnownFileType = sourcecode.swift; path = TabBarController.swift; sourceTree = "<group>"; };
		4F45E1B1291852B8002A8294 /* HomePageCell.swift */ = {isa = PBXFileReference; lastKnownFileType = sourcecode.swift; path = HomePageCell.swift; sourceTree = "<group>"; };
		4F45E1B529185BDA002A8294 /* FeaturesListViewModel.swift */ = {isa = PBXFileReference; lastKnownFileType = sourcecode.swift; path = FeaturesListViewModel.swift; sourceTree = "<group>"; };
		4F45E1B829186165002A8294 /* Constants.swift */ = {isa = PBXFileReference; lastKnownFileType = sourcecode.swift; path = Constants.swift; sourceTree = "<group>"; };
		4F45E1BB29186960002A8294 /* BaseCollectionViews.swift */ = {isa = PBXFileReference; lastKnownFileType = sourcecode.swift; path = BaseCollectionViews.swift; sourceTree = "<group>"; };
		4F45E1BD29186B1F002A8294 /* TitleViewModel.swift */ = {isa = PBXFileReference; lastKnownFileType = sourcecode.swift; path = TitleViewModel.swift; sourceTree = "<group>"; };
		4F45E1F029190E2A002A8294 /* UITabBarController+Extensions.swift */ = {isa = PBXFileReference; lastKnownFileType = sourcecode.swift; path = "UITabBarController+Extensions.swift"; sourceTree = "<group>"; };
		4F45E224291AC7EC002A8294 /* AddProductCoordinator.swift */ = {isa = PBXFileReference; lastKnownFileType = sourcecode.swift; path = AddProductCoordinator.swift; sourceTree = "<group>"; };
		4F45E226291ACEC7002A8294 /* AddProductVC.swift */ = {isa = PBXFileReference; lastKnownFileType = sourcecode.swift; path = AddProductVC.swift; sourceTree = "<group>"; };
		4F45E228291AEB3D002A8294 /* UIApplication+Extensions.swift */ = {isa = PBXFileReference; lastKnownFileType = sourcecode.swift; path = "UIApplication+Extensions.swift"; sourceTree = "<group>"; };
		4F45E22A291AEE05002A8294 /* UIImage+Extensions.swift */ = {isa = PBXFileReference; lastKnownFileType = sourcecode.swift; path = "UIImage+Extensions.swift"; sourceTree = "<group>"; };
		4F45E22C291AEEA1002A8294 /* Helper.swift */ = {isa = PBXFileReference; lastKnownFileType = sourcecode.swift; path = Helper.swift; sourceTree = "<group>"; };
		4F45E22E291AF522002A8294 /* AddProductCollectionViews.swift */ = {isa = PBXFileReference; lastKnownFileType = sourcecode.swift; path = AddProductCollectionViews.swift; sourceTree = "<group>"; };
		4F45E230291AFCA5002A8294 /* AddProductViewModel.swift */ = {isa = PBXFileReference; lastKnownFileType = sourcecode.swift; path = AddProductViewModel.swift; sourceTree = "<group>"; };
		4F51FE35291C397700FE6B25 /* UITextField+Extensions.swift */ = {isa = PBXFileReference; lastKnownFileType = sourcecode.swift; path = "UITextField+Extensions.swift"; sourceTree = "<group>"; };
		4F51FE37291D124400FE6B25 /* CoreDataManager.swift */ = {isa = PBXFileReference; lastKnownFileType = sourcecode.swift; path = CoreDataManager.swift; sourceTree = "<group>"; };
		4F5CE83629519A8F00628FF8 /* BasketChildVC.swift */ = {isa = PBXFileReference; lastKnownFileType = sourcecode.swift; path = BasketChildVC.swift; sourceTree = "<group>"; };
		4F5CE8382951A3F800628FF8 /* BasketChildViewModel.swift */ = {isa = PBXFileReference; lastKnownFileType = sourcecode.swift; path = BasketChildViewModel.swift; sourceTree = "<group>"; };
		4F5CE843295358CF00628FF8 /* OpenSans-Bold.ttf */ = {isa = PBXFileReference; lastKnownFileType = file; name = "OpenSans-Bold.ttf"; path = "../../../Open_Sans/static/OpenSans/OpenSans-Bold.ttf"; sourceTree = "<group>"; };
		4F5CE845295358D800628FF8 /* OpenSans-ExtraBold.ttf */ = {isa = PBXFileReference; lastKnownFileType = file; name = "OpenSans-ExtraBold.ttf"; path = "../../../Open_Sans/static/OpenSans/OpenSans-ExtraBold.ttf"; sourceTree = "<group>"; };
		4FA8960B296501F20003E279 /* SystatisticChildCell.swift */ = {isa = PBXFileReference; lastKnownFileType = sourcecode.swift; path = SystatisticChildCell.swift; sourceTree = "<group>"; };
		4FA8960D296517DA0003E279 /* Date+Ext.swift */ = {isa = PBXFileReference; lastKnownFileType = sourcecode.swift; path = "Date+Ext.swift"; sourceTree = "<group>"; };
		4FA896102967A7000003E279 /* SystatisticDetailCell.swift */ = {isa = PBXFileReference; lastKnownFileType = sourcecode.swift; path = SystatisticDetailCell.swift; sourceTree = "<group>"; };
		4FC79C932934F7EB00F1FCB1 /* UIColor+Extensions.swift */ = {isa = PBXFileReference; lastKnownFileType = sourcecode.swift; path = "UIColor+Extensions.swift"; sourceTree = "<group>"; };
		4FC79CDF293660CE00F1FCB1 /* UIView+Extensions.swift */ = {isa = PBXFileReference; lastKnownFileType = sourcecode.swift; path = "UIView+Extensions.swift"; sourceTree = "<group>"; };
		4FF28212296A3CC0000DCE37 /* CGFloat+Ext.swift */ = {isa = PBXFileReference; lastKnownFileType = sourcecode.swift; path = "CGFloat+Ext.swift"; sourceTree = "<group>"; };
		4FF28214296F3BF0000DCE37 /* CalendarCoordinator.swift */ = {isa = PBXFileReference; lastKnownFileType = sourcecode.swift; path = CalendarCoordinator.swift; sourceTree = "<group>"; };
		4FF28216296F3EA8000DCE37 /* CalendarController.swift */ = {isa = PBXFileReference; lastKnownFileType = sourcecode.swift; path = CalendarController.swift; sourceTree = "<group>"; };
		A39FE9978105A9DBBA3D30E1 /* Pods-StokTracking.debug.xcconfig */ = {isa = PBXFileReference; includeInIndex = 1; lastKnownFileType = text.xcconfig; name = "Pods-StokTracking.debug.xcconfig"; path = "Target Support Files/Pods-StokTracking/Pods-StokTracking.debug.xcconfig"; sourceTree = "<group>"; };
		FD4E7C08D402C04CFD7BF162 /* Pods-StokTracking.release.xcconfig */ = {isa = PBXFileReference; includeInIndex = 1; lastKnownFileType = text.xcconfig; name = "Pods-StokTracking.release.xcconfig"; path = "Target Support Files/Pods-StokTracking/Pods-StokTracking.release.xcconfig"; sourceTree = "<group>"; };
/* End PBXFileReference section */

/* Begin PBXFrameworksBuildPhase section */
		4F45E181291831C9002A8294 /* Frameworks */ = {
			isa = PBXFrameworksBuildPhase;
			buildActionMask = 2147483647;
			files = (
				FD7C23B3EB5CD8EC4A33465E /* Pods_StokTracking.framework in Frameworks */,
			);
			runOnlyForDeploymentPostprocessing = 0;
		};
/* End PBXFrameworksBuildPhase section */

/* Begin PBXGroup section */
		11FD97B5756B01E185CED63E /* Frameworks */ = {
			isa = PBXGroup;
			children = (
				0B63A8060F2A7191155F92DC /* Pods_StokTracking.framework */,
			);
			name = Frameworks;
			sourceTree = "<group>";
		};
		4F0E31302961C3FB00666088 /* SettingsChild */ = {
			isa = PBXGroup;
			children = (
				4F0E31312961C41C00666088 /* SystatiscticViewController.swift */,
				4FF28216296F3EA8000DCE37 /* CalendarController.swift */,
			);
			path = SettingsChild;
			sourceTree = "<group>";
		};
		4F2C593729461A0200CADA82 /* Font */ = {
			isa = PBXGroup;
			children = (
				4F5CE845295358D800628FF8 /* OpenSans-ExtraBold.ttf */,
				4F5CE843295358CF00628FF8 /* OpenSans-Bold.ttf */,
			);
			path = Font;
			sourceTree = "<group>";
		};
		4F2C599C294E299D00CADA82 /* Intro */ = {
			isa = PBXGroup;
			children = (
				4F2C5935294610DD00CADA82 /* PresentationViewController.swift */,
			);
			path = Intro;
			sourceTree = "<group>";
		};
		4F3D4822293969B700F335FD /* CustomCell */ = {
			isa = PBXGroup;
			children = (
				4F45E1BB29186960002A8294 /* BaseCollectionViews.swift */,
				4F45E22E291AF522002A8294 /* AddProductCollectionViews.swift */,
				4F45E1B1291852B8002A8294 /* HomePageCell.swift */,
				4F2C592D2945008200CADA82 /* SettingsCell.swift */,
				4F2C59A5294FAC6E00CADA82 /* BasketCell.swift */,
				4F2C59A7294FD94100CADA82 /* BasketTableViewCell.swift */,
				4FA8960B296501F20003E279 /* SystatisticChildCell.swift */,
				4FA896102967A7000003E279 /* SystatisticDetailCell.swift */,
			);
			path = CustomCell;
			sourceTree = "<group>";
		};
		4F3D482329396A0900F335FD /* Controllers */ = {
			isa = PBXGroup;
			children = (
				4F45E1A6291841B6002A8294 /* TabBarController.swift */,
				4F45E1A4291835BC002A8294 /* HomeVC.swift */,
				4F45E226291ACEC7002A8294 /* AddProductVC.swift */,
				4F3D4825293A6A3300F335FD /* ArrangedProductVC.swift */,
				4F2C599D294E29D600CADA82 /* BasketVC.swift */,
				4F5CE83629519A8F00628FF8 /* BasketChildVC.swift */,
				4F45E1A229183571002A8294 /* SettingsVC.swift */,
				4F0E31302961C3FB00666088 /* SettingsChild */,
				4F2C599C294E299D00CADA82 /* Intro */,
			);
			path = Controllers;
			sourceTree = "<group>";
		};
		4F3D482429396A1D00F335FD /* View Models */ = {
			isa = PBXGroup;
			children = (
				4F45E1B529185BDA002A8294 /* FeaturesListViewModel.swift */,
				4F45E1BD29186B1F002A8294 /* TitleViewModel.swift */,
				4F45E230291AFCA5002A8294 /* AddProductViewModel.swift */,
				4F3D4829293A6DF900F335FD /* ArrangedViewModel.swift */,
				4F2C592B2944FF5900CADA82 /* SettingsViewModel.swift */,
				4F2C599F294E5BC600CADA82 /* BasketViewModel.swift */,
				4F5CE8382951A3F800628FF8 /* BasketChildViewModel.swift */,
				4F0E31352961C6A700666088 /* SystatisticViewModel.swift */,
			);
			path = "View Models";
			sourceTree = "<group>";
		};
		4F45E17B291831C9002A8294 = {
			isa = PBXGroup;
			children = (
				4F45E186291831C9002A8294 /* StokTracking */,
				4F45E187291831C9002A8294 /* AppDelegate.swift */,
				4F45E189291831C9002A8294 /* SceneDelegate.swift */,
				4F45E18D291831C9002A8294 /* Main.storyboard */,
				4F45E195291831CA002A8294 /* LaunchScreen.storyboard */,
				4F45E190291831C9002A8294 /* StokTracking.xcdatamodeld */,
				4F45E198291831CA002A8294 /* Info.plist */,
				4F45E193291831CA002A8294 /* Assets.xcassets */,
				4F45E185291831C9002A8294 /* Products */,
				76CB9A618E1933A9D7013AE6 /* Pods */,
				11FD97B5756B01E185CED63E /* Frameworks */,
			);
			sourceTree = "<group>";
		};
		4F45E185291831C9002A8294 /* Products */ = {
			isa = PBXGroup;
			children = (
				4F45E184291831C9002A8294 /* StokTracking.app */,
			);
			name = Products;
			sourceTree = "<group>";
		};
		4F45E186291831C9002A8294 /* StokTracking */ = {
			isa = PBXGroup;
			children = (
				4F2C593729461A0200CADA82 /* Font */,
				4F45E1B729186157002A8294 /* Helper */,
				4F45E1AE291851C1002A8294 /* Extensions */,
				4FC7ED4A292061A7002549DA /* Services */,
				4F3D4822293969B700F335FD /* CustomCell */,
				4F3D482429396A1D00F335FD /* View Models */,
				4F3D482329396A0900F335FD /* Controllers */,
				4F45E1AC291851B2002A8294 /* Coordinators */,
			);
			path = StokTracking;
			sourceTree = "<group>";
		};
		4F45E1AC291851B2002A8294 /* Coordinators */ = {
			isa = PBXGroup;
			children = (
				4F45E19E29183280002A8294 /* AppCoordinator.swift */,
				4F45E1A0291833FD002A8294 /* HomeCoordinator.swift */,
				4F45E224291AC7EC002A8294 /* AddProductCoordinator.swift */,
				4F3D4827293A6A7000F335FD /* ArrangedCoordinator.swift */,
				4F2C599A294E293300CADA82 /* BasketCoordinator.swift */,
				4F0E31332961C61500666088 /* SystatisticCoordinator.swift */,
				4FF28214296F3BF0000DCE37 /* CalendarCoordinator.swift */,
			);
			path = Coordinators;
			sourceTree = "<group>";
		};
		4F45E1AE291851C1002A8294 /* Extensions */ = {
			isa = PBXGroup;
			children = (
				4F2C59292944DE7900CADA82 /* CustomizeAppearance.swift */,
				4F45E1F029190E2A002A8294 /* UITabBarController+Extensions.swift */,
				4F45E228291AEB3D002A8294 /* UIApplication+Extensions.swift */,
				4F45E22A291AEE05002A8294 /* UIImage+Extensions.swift */,
				4F51FE35291C397700FE6B25 /* UITextField+Extensions.swift */,
				4FC79C932934F7EB00F1FCB1 /* UIColor+Extensions.swift */,
				4FC79CDF293660CE00F1FCB1 /* UIView+Extensions.swift */,
				4F2C592F294502A200CADA82 /* UITableView+Ext.swift */,
				4F2C59312945054F00CADA82 /* UILabel+Ext.swift */,
				4F2C59332945095800CADA82 /* UIViewController+Ext.swift */,
				4F2C59A3294F4CCB00CADA82 /* String+Ext.swift */,
				4F2F1945295DDEB30016D938 /* CALayer+Ext.swift */,
				4FA8960D296517DA0003E279 /* Date+Ext.swift */,
				4FF28212296A3CC0000DCE37 /* CGFloat+Ext.swift */,
			);
			path = Extensions;
			sourceTree = "<group>";
		};
		4F45E1B729186157002A8294 /* Helper */ = {
			isa = PBXGroup;
			children = (
				4F45E1B829186165002A8294 /* Constants.swift */,
				4F45E22C291AEEA1002A8294 /* Helper.swift */,
			);
			path = Helper;
			sourceTree = "<group>";
		};
		4FC7ED4A292061A7002549DA /* Services */ = {
			isa = PBXGroup;
			children = (
				4F51FE37291D124400FE6B25 /* CoreDataManager.swift */,
			);
			path = Services;
			sourceTree = "<group>";
		};
		76CB9A618E1933A9D7013AE6 /* Pods */ = {
			isa = PBXGroup;
			children = (
				A39FE9978105A9DBBA3D30E1 /* Pods-StokTracking.debug.xcconfig */,
				FD4E7C08D402C04CFD7BF162 /* Pods-StokTracking.release.xcconfig */,
			);
			path = Pods;
			sourceTree = "<group>";
		};
/* End PBXGroup section */

/* Begin PBXNativeTarget section */
		4F45E183291831C9002A8294 /* StokTracking */ = {
			isa = PBXNativeTarget;
			buildConfigurationList = 4F45E19B291831CA002A8294 /* Build configuration list for PBXNativeTarget "StokTracking" */;
			buildPhases = (
				D3F9D0924B1B0321314D584E /* [CP] Check Pods Manifest.lock */,
				4F45E180291831C9002A8294 /* Sources */,
				4F45E181291831C9002A8294 /* Frameworks */,
				4F45E182291831C9002A8294 /* Resources */,
				8851CCA783651E375FF0AF8D /* [CP] Embed Pods Frameworks */,
			);
			buildRules = (
			);
			dependencies = (
			);
			name = StokTracking;
			productName = StokTracking;
			productReference = 4F45E184291831C9002A8294 /* StokTracking.app */;
			productType = "com.apple.product-type.application";
		};
/* End PBXNativeTarget section */

/* Begin PBXProject section */
		4F45E17C291831C9002A8294 /* Project object */ = {
			isa = PBXProject;
			attributes = {
				BuildIndependentTargetsInParallel = 1;
				LastSwiftUpdateCheck = 1400;
				LastUpgradeCheck = 1400;
				TargetAttributes = {
					4F45E183291831C9002A8294 = {
						CreatedOnToolsVersion = 14.0.1;
					};
				};
			};
			buildConfigurationList = 4F45E17F291831C9002A8294 /* Build configuration list for PBXProject "StokTracking" */;
			compatibilityVersion = "Xcode 14.0";
			developmentRegion = en;
			hasScannedForEncodings = 0;
			knownRegions = (
				en,
				Base,
			);
			mainGroup = 4F45E17B291831C9002A8294;
			productRefGroup = 4F45E185291831C9002A8294 /* Products */;
			projectDirPath = "";
			projectRoot = "";
			targets = (
				4F45E183291831C9002A8294 /* StokTracking */,
			);
		};
/* End PBXProject section */

/* Begin PBXResourcesBuildPhase section */
		4F45E182291831C9002A8294 /* Resources */ = {
			isa = PBXResourcesBuildPhase;
			buildActionMask = 2147483647;
			files = (
				4F45E197291831CA002A8294 /* LaunchScreen.storyboard in Resources */,
				4F45E194291831CA002A8294 /* Assets.xcassets in Resources */,
				4F5CE844295358CF00628FF8 /* OpenSans-Bold.ttf in Resources */,
				4F45E18F291831C9002A8294 /* Main.storyboard in Resources */,
				4F5CE846295358D800628FF8 /* OpenSans-ExtraBold.ttf in Resources */,
			);
			runOnlyForDeploymentPostprocessing = 0;
		};
/* End PBXResourcesBuildPhase section */

/* Begin PBXShellScriptBuildPhase section */
		8851CCA783651E375FF0AF8D /* [CP] Embed Pods Frameworks */ = {
			isa = PBXShellScriptBuildPhase;
			buildActionMask = 2147483647;
			files = (
			);
			inputFileListPaths = (
				"${PODS_ROOT}/Target Support Files/Pods-StokTracking/Pods-StokTracking-frameworks-${CONFIGURATION}-input-files.xcfilelist",
			);
			name = "[CP] Embed Pods Frameworks";
			outputFileListPaths = (
				"${PODS_ROOT}/Target Support Files/Pods-StokTracking/Pods-StokTracking-frameworks-${CONFIGURATION}-output-files.xcfilelist",
			);
			runOnlyForDeploymentPostprocessing = 0;
			shellPath = /bin/sh;
			shellScript = "\"${PODS_ROOT}/Target Support Files/Pods-StokTracking/Pods-StokTracking-frameworks.sh\"\n";
			showEnvVarsInLog = 0;
		};
		D3F9D0924B1B0321314D584E /* [CP] Check Pods Manifest.lock */ = {
			isa = PBXShellScriptBuildPhase;
			buildActionMask = 2147483647;
			files = (
			);
			inputFileListPaths = (
			);
			inputPaths = (
				"${PODS_PODFILE_DIR_PATH}/Podfile.lock",
				"${PODS_ROOT}/Manifest.lock",
			);
			name = "[CP] Check Pods Manifest.lock";
			outputFileListPaths = (
			);
			outputPaths = (
				"$(DERIVED_FILE_DIR)/Pods-StokTracking-checkManifestLockResult.txt",
			);
			runOnlyForDeploymentPostprocessing = 0;
			shellPath = /bin/sh;
			shellScript = "diff \"${PODS_PODFILE_DIR_PATH}/Podfile.lock\" \"${PODS_ROOT}/Manifest.lock\" > /dev/null\nif [ $? != 0 ] ; then\n    # print error to STDERR\n    echo \"error: The sandbox is not in sync with the Podfile.lock. Run 'pod install' or update your CocoaPods installation.\" >&2\n    exit 1\nfi\n# This output is used by Xcode 'outputs' to avoid re-running this script phase.\necho \"SUCCESS\" > \"${SCRIPT_OUTPUT_FILE_0}\"\n";
			showEnvVarsInLog = 0;
		};
/* End PBXShellScriptBuildPhase section */

/* Begin PBXSourcesBuildPhase section */
		4F45E180291831C9002A8294 /* Sources */ = {
			isa = PBXSourcesBuildPhase;
			buildActionMask = 2147483647;
			files = (
				4F45E1A5291835BC002A8294 /* HomeVC.swift in Sources */,
				4F2C59322945054F00CADA82 /* UILabel+Ext.swift in Sources */,
				4F2C59342945095800CADA82 /* UIViewController+Ext.swift in Sources */,
				4F2C59A4294F4CCB00CADA82 /* String+Ext.swift in Sources */,
				4F3D482A293A6DF900F335FD /* ArrangedViewModel.swift in Sources */,
				4FA8960E296517DA0003E279 /* Date+Ext.swift in Sources */,
				4F45E225291AC7EC002A8294 /* AddProductCoordinator.swift in Sources */,
				4F2C5936294610DD00CADA82 /* PresentationViewController.swift in Sources */,
				4F45E22B291AEE05002A8294 /* UIImage+Extensions.swift in Sources */,
				4F3D4826293A6A3300F335FD /* ArrangedProductVC.swift in Sources */,
				4F0E31362961C6A700666088 /* SystatisticViewModel.swift in Sources */,
				4F2C59A8294FD94100CADA82 /* BasketTableViewCell.swift in Sources */,
				4FA8960C296501F20003E279 /* SystatisticChildCell.swift in Sources */,
				4F2C599B294E293300CADA82 /* BasketCoordinator.swift in Sources */,
				4F0E31342961C61500666088 /* SystatisticCoordinator.swift in Sources */,
				4FA896112967A7000003E279 /* SystatisticDetailCell.swift in Sources */,
				4F2C592C2944FF5900CADA82 /* SettingsViewModel.swift in Sources */,
				4F45E192291831C9002A8294 /* StokTracking.xcdatamodeld in Sources */,
				4FF28213296A3CC0000DCE37 /* CGFloat+Ext.swift in Sources */,
				4FF28217296F3EA8000DCE37 /* CalendarController.swift in Sources */,
				4FC79C942934F7EB00F1FCB1 /* UIColor+Extensions.swift in Sources */,
				4F51FE38291D124400FE6B25 /* CoreDataManager.swift in Sources */,
				4F45E1A7291841B6002A8294 /* TabBarController.swift in Sources */,
				4F2C59A0294E5BC600CADA82 /* BasketViewModel.swift in Sources */,
				4F45E1B629185BDA002A8294 /* FeaturesListViewModel.swift in Sources */,
				4F45E22F291AF522002A8294 /* AddProductCollectionViews.swift in Sources */,
				4FC79CE0293660CE00F1FCB1 /* UIView+Extensions.swift in Sources */,
				4FF28215296F3BF0000DCE37 /* CalendarCoordinator.swift in Sources */,
				4F2C5930294502A200CADA82 /* UITableView+Ext.swift in Sources */,
				4F45E1F129190E2A002A8294 /* UITabBarController+Extensions.swift in Sources */,
				4F2C599E294E29D600CADA82 /* BasketVC.swift in Sources */,
				4F0E31322961C41C00666088 /* SystatiscticViewController.swift in Sources */,
				4F3D4828293A6A7000F335FD /* ArrangedCoordinator.swift in Sources */,
				4F45E227291ACEC7002A8294 /* AddProductVC.swift in Sources */,
				4F45E19F29183280002A8294 /* AppCoordinator.swift in Sources */,
				4F45E22D291AEEA1002A8294 /* Helper.swift in Sources */,
				4F51FE36291C397700FE6B25 /* UITextField+Extensions.swift in Sources */,
				4F45E229291AEB3D002A8294 /* UIApplication+Extensions.swift in Sources */,
				4F2F1946295DDEB30016D938 /* CALayer+Ext.swift in Sources */,
				4F45E188291831C9002A8294 /* AppDelegate.swift in Sources */,
				4F45E1B929186165002A8294 /* Constants.swift in Sources */,
				4F2C592A2944DE7900CADA82 /* CustomizeAppearance.swift in Sources */,
				4F45E18A291831C9002A8294 /* SceneDelegate.swift in Sources */,
				4F2C592E2945008200CADA82 /* SettingsCell.swift in Sources */,
				4F5CE8392951A3F800628FF8 /* BasketChildViewModel.swift in Sources */,
				4F45E1A1291833FD002A8294 /* HomeCoordinator.swift in Sources */,
				4F45E231291AFCA5002A8294 /* AddProductViewModel.swift in Sources */,
				4F45E1B2291852B8002A8294 /* HomePageCell.swift in Sources */,
				4F45E1A329183571002A8294 /* SettingsVC.swift in Sources */,
				4F2C59A6294FAC6E00CADA82 /* BasketCell.swift in Sources */,
				4F45E1BC29186960002A8294 /* BaseCollectionViews.swift in Sources */,
				4F45E1BE29186B1F002A8294 /* TitleViewModel.swift in Sources */,
				4F5CE83729519A8F00628FF8 /* BasketChildVC.swift in Sources */,
			);
			runOnlyForDeploymentPostprocessing = 0;
		};
/* End PBXSourcesBuildPhase section */

/* Begin PBXVariantGroup section */
		4F45E18D291831C9002A8294 /* Main.storyboard */ = {
			isa = PBXVariantGroup;
			children = (
				4F45E18E291831C9002A8294 /* Base */,
			);
			name = Main.storyboard;
			sourceTree = "<group>";
		};
		4F45E195291831CA002A8294 /* LaunchScreen.storyboard */ = {
			isa = PBXVariantGroup;
			children = (
				4F45E196291831CA002A8294 /* Base */,
			);
			name = LaunchScreen.storyboard;
			sourceTree = "<group>";
		};
/* End PBXVariantGroup section */

/* Begin XCBuildConfiguration section */
		4F45E199291831CA002A8294 /* Debug */ = {
			isa = XCBuildConfiguration;
			buildSettings = {
				ALWAYS_SEARCH_USER_PATHS = NO;
				CLANG_ANALYZER_NONNULL = YES;
				CLANG_ANALYZER_NUMBER_OBJECT_CONVERSION = YES_AGGRESSIVE;
				CLANG_CXX_LANGUAGE_STANDARD = "gnu++20";
				CLANG_ENABLE_MODULES = YES;
				CLANG_ENABLE_OBJC_ARC = YES;
				CLANG_ENABLE_OBJC_WEAK = YES;
				CLANG_WARN_BLOCK_CAPTURE_AUTORELEASING = YES;
				CLANG_WARN_BOOL_CONVERSION = YES;
				CLANG_WARN_COMMA = YES;
				CLANG_WARN_CONSTANT_CONVERSION = YES;
				CLANG_WARN_DEPRECATED_OBJC_IMPLEMENTATIONS = YES;
				CLANG_WARN_DIRECT_OBJC_ISA_USAGE = YES_ERROR;
				CLANG_WARN_DOCUMENTATION_COMMENTS = YES;
				CLANG_WARN_EMPTY_BODY = YES;
				CLANG_WARN_ENUM_CONVERSION = YES;
				CLANG_WARN_INFINITE_RECURSION = YES;
				CLANG_WARN_INT_CONVERSION = YES;
				CLANG_WARN_NON_LITERAL_NULL_CONVERSION = YES;
				CLANG_WARN_OBJC_IMPLICIT_RETAIN_SELF = YES;
				CLANG_WARN_OBJC_LITERAL_CONVERSION = YES;
				CLANG_WARN_OBJC_ROOT_CLASS = YES_ERROR;
				CLANG_WARN_QUOTED_INCLUDE_IN_FRAMEWORK_HEADER = YES;
				CLANG_WARN_RANGE_LOOP_ANALYSIS = YES;
				CLANG_WARN_STRICT_PROTOTYPES = YES;
				CLANG_WARN_SUSPICIOUS_MOVE = YES;
				CLANG_WARN_UNGUARDED_AVAILABILITY = YES_AGGRESSIVE;
				CLANG_WARN_UNREACHABLE_CODE = YES;
				CLANG_WARN__DUPLICATE_METHOD_MATCH = YES;
				COPY_PHASE_STRIP = NO;
				DEBUG_INFORMATION_FORMAT = dwarf;
				ENABLE_STRICT_OBJC_MSGSEND = YES;
				ENABLE_TESTABILITY = YES;
				GCC_C_LANGUAGE_STANDARD = gnu11;
				GCC_DYNAMIC_NO_PIC = NO;
				GCC_NO_COMMON_BLOCKS = YES;
				GCC_OPTIMIZATION_LEVEL = 0;
				GCC_PREPROCESSOR_DEFINITIONS = (
					"DEBUG=1",
					"$(inherited)",
				);
				GCC_WARN_64_TO_32_BIT_CONVERSION = YES;
				GCC_WARN_ABOUT_RETURN_TYPE = YES_ERROR;
				GCC_WARN_UNDECLARED_SELECTOR = YES;
				GCC_WARN_UNINITIALIZED_AUTOS = YES_AGGRESSIVE;
				GCC_WARN_UNUSED_FUNCTION = YES;
				GCC_WARN_UNUSED_VARIABLE = YES;
				IPHONEOS_DEPLOYMENT_TARGET = 16.0;
				MTL_ENABLE_DEBUG_INFO = INCLUDE_SOURCE;
				MTL_FAST_MATH = YES;
				ONLY_ACTIVE_ARCH = YES;
				SDKROOT = iphoneos;
				SWIFT_ACTIVE_COMPILATION_CONDITIONS = DEBUG;
				SWIFT_OPTIMIZATION_LEVEL = "-Onone";
			};
			name = Debug;
		};
		4F45E19A291831CA002A8294 /* Release */ = {
			isa = XCBuildConfiguration;
			buildSettings = {
				ALWAYS_SEARCH_USER_PATHS = NO;
				CLANG_ANALYZER_NONNULL = YES;
				CLANG_ANALYZER_NUMBER_OBJECT_CONVERSION = YES_AGGRESSIVE;
				CLANG_CXX_LANGUAGE_STANDARD = "gnu++20";
				CLANG_ENABLE_MODULES = YES;
				CLANG_ENABLE_OBJC_ARC = YES;
				CLANG_ENABLE_OBJC_WEAK = YES;
				CLANG_WARN_BLOCK_CAPTURE_AUTORELEASING = YES;
				CLANG_WARN_BOOL_CONVERSION = YES;
				CLANG_WARN_COMMA = YES;
				CLANG_WARN_CONSTANT_CONVERSION = YES;
				CLANG_WARN_DEPRECATED_OBJC_IMPLEMENTATIONS = YES;
				CLANG_WARN_DIRECT_OBJC_ISA_USAGE = YES_ERROR;
				CLANG_WARN_DOCUMENTATION_COMMENTS = YES;
				CLANG_WARN_EMPTY_BODY = YES;
				CLANG_WARN_ENUM_CONVERSION = YES;
				CLANG_WARN_INFINITE_RECURSION = YES;
				CLANG_WARN_INT_CONVERSION = YES;
				CLANG_WARN_NON_LITERAL_NULL_CONVERSION = YES;
				CLANG_WARN_OBJC_IMPLICIT_RETAIN_SELF = YES;
				CLANG_WARN_OBJC_LITERAL_CONVERSION = YES;
				CLANG_WARN_OBJC_ROOT_CLASS = YES_ERROR;
				CLANG_WARN_QUOTED_INCLUDE_IN_FRAMEWORK_HEADER = YES;
				CLANG_WARN_RANGE_LOOP_ANALYSIS = YES;
				CLANG_WARN_STRICT_PROTOTYPES = YES;
				CLANG_WARN_SUSPICIOUS_MOVE = YES;
				CLANG_WARN_UNGUARDED_AVAILABILITY = YES_AGGRESSIVE;
				CLANG_WARN_UNREACHABLE_CODE = YES;
				CLANG_WARN__DUPLICATE_METHOD_MATCH = YES;
				COPY_PHASE_STRIP = NO;
				DEBUG_INFORMATION_FORMAT = "dwarf-with-dsym";
				ENABLE_NS_ASSERTIONS = NO;
				ENABLE_STRICT_OBJC_MSGSEND = YES;
				GCC_C_LANGUAGE_STANDARD = gnu11;
				GCC_NO_COMMON_BLOCKS = YES;
				GCC_WARN_64_TO_32_BIT_CONVERSION = YES;
				GCC_WARN_ABOUT_RETURN_TYPE = YES_ERROR;
				GCC_WARN_UNDECLARED_SELECTOR = YES;
				GCC_WARN_UNINITIALIZED_AUTOS = YES_AGGRESSIVE;
				GCC_WARN_UNUSED_FUNCTION = YES;
				GCC_WARN_UNUSED_VARIABLE = YES;
				IPHONEOS_DEPLOYMENT_TARGET = 16.0;
				MTL_ENABLE_DEBUG_INFO = NO;
				MTL_FAST_MATH = YES;
				SDKROOT = iphoneos;
				SWIFT_COMPILATION_MODE = wholemodule;
				SWIFT_OPTIMIZATION_LEVEL = "-O";
				VALIDATE_PRODUCT = YES;
			};
			name = Release;
		};
		4F45E19C291831CA002A8294 /* Debug */ = {
			isa = XCBuildConfiguration;
			baseConfigurationReference = A39FE9978105A9DBBA3D30E1 /* Pods-StokTracking.debug.xcconfig */;
			buildSettings = {
				ASSETCATALOG_COMPILER_APPICON_NAME = AppIcon;
				ASSETCATALOG_COMPILER_GLOBAL_ACCENT_COLOR_NAME = AccentColor;
				CODE_SIGN_STYLE = Automatic;
				CURRENT_PROJECT_VERSION = 1;
				DEVELOPMENT_TEAM = N7YT66NZA9;
				GENERATE_INFOPLIST_FILE = YES;
				INFOPLIST_FILE = /Users/ibrahimtasdemir/Desktop/StokTracking/Info.plist;
				INFOPLIST_KEY_UIApplicationSupportsIndirectInputEvents = YES;
				INFOPLIST_KEY_UILaunchStoryboardName = LaunchScreen;
				INFOPLIST_KEY_UIMainStoryboardFile = Main;
				INFOPLIST_KEY_UIStatusBarStyle = UIStatusBarStyleLightContent;
				INFOPLIST_KEY_UISupportedInterfaceOrientations_iPad = "UIInterfaceOrientationPortrait UIInterfaceOrientationPortraitUpsideDown UIInterfaceOrientationLandscapeLeft UIInterfaceOrientationLandscapeRight";
				INFOPLIST_KEY_UISupportedInterfaceOrientations_iPhone = "UIInterfaceOrientationPortrait UIInterfaceOrientationLandscapeLeft UIInterfaceOrientationLandscapeRight";
				LD_RUNPATH_SEARCH_PATHS = (
					"$(inherited)",
					"@executable_path/Frameworks",
				);
				MARKETING_VERSION = 1.0;
				PRODUCT_BUNDLE_IDENTIFIER = com.ibrahimtasdemir.com.StokTracking;
				PRODUCT_NAME = "$(TARGET_NAME)";
				SWIFT_EMIT_LOC_STRINGS = YES;
				SWIFT_VERSION = 5.0;
				TARGETED_DEVICE_FAMILY = "1,2";
			};
			name = Debug;
		};
		4F45E19D291831CA002A8294 /* Release */ = {
			isa = XCBuildConfiguration;
			baseConfigurationReference = FD4E7C08D402C04CFD7BF162 /* Pods-StokTracking.release.xcconfig */;
			buildSettings = {
				ASSETCATALOG_COMPILER_APPICON_NAME = AppIcon;
				ASSETCATALOG_COMPILER_GLOBAL_ACCENT_COLOR_NAME = AccentColor;
				CODE_SIGN_STYLE = Automatic;
				CURRENT_PROJECT_VERSION = 1;
				DEVELOPMENT_TEAM = N7YT66NZA9;
				GENERATE_INFOPLIST_FILE = YES;
				INFOPLIST_FILE = /Users/ibrahimtasdemir/Desktop/StokTracking/Info.plist;
				INFOPLIST_KEY_UIApplicationSupportsIndirectInputEvents = YES;
				INFOPLIST_KEY_UILaunchStoryboardName = LaunchScreen;
				INFOPLIST_KEY_UIMainStoryboardFile = Main;
				INFOPLIST_KEY_UIStatusBarStyle = UIStatusBarStyleLightContent;
				INFOPLIST_KEY_UISupportedInterfaceOrientations_iPad = "UIInterfaceOrientationPortrait UIInterfaceOrientationPortraitUpsideDown UIInterfaceOrientationLandscapeLeft UIInterfaceOrientationLandscapeRight";
				INFOPLIST_KEY_UISupportedInterfaceOrientations_iPhone = "UIInterfaceOrientationPortrait UIInterfaceOrientationLandscapeLeft UIInterfaceOrientationLandscapeRight";
				LD_RUNPATH_SEARCH_PATHS = (
					"$(inherited)",
					"@executable_path/Frameworks",
				);
				MARKETING_VERSION = 1.0;
				PRODUCT_BUNDLE_IDENTIFIER = com.ibrahimtasdemir.com.StokTracking;
				PRODUCT_NAME = "$(TARGET_NAME)";
				SWIFT_EMIT_LOC_STRINGS = YES;
				SWIFT_VERSION = 5.0;
				TARGETED_DEVICE_FAMILY = "1,2";
			};
			name = Release;
		};
/* End XCBuildConfiguration section */

/* Begin XCConfigurationList section */
		4F45E17F291831C9002A8294 /* Build configuration list for PBXProject "StokTracking" */ = {
			isa = XCConfigurationList;
			buildConfigurations = (
				4F45E199291831CA002A8294 /* Debug */,
				4F45E19A291831CA002A8294 /* Release */,
			);
			defaultConfigurationIsVisible = 0;
			defaultConfigurationName = Release;
		};
		4F45E19B291831CA002A8294 /* Build configuration list for PBXNativeTarget "StokTracking" */ = {
			isa = XCConfigurationList;
			buildConfigurations = (
				4F45E19C291831CA002A8294 /* Debug */,
				4F45E19D291831CA002A8294 /* Release */,
			);
			defaultConfigurationIsVisible = 0;
			defaultConfigurationName = Release;
		};
/* End XCConfigurationList section */

/* Begin XCVersionGroup section */
		4F45E190291831C9002A8294 /* StokTracking.xcdatamodeld */ = {
			isa = XCVersionGroup;
			children = (
				4F45E191291831C9002A8294 /* StokTracking.xcdatamodel */,
			);
			currentVersion = 4F45E191291831C9002A8294 /* StokTracking.xcdatamodel */;
			path = StokTracking.xcdatamodeld;
			sourceTree = "<group>";
			versionGroupType = wrapper.xcdatamodel;
		};
/* End XCVersionGroup section */
	};
	rootObject = 4F45E17C291831C9002A8294 /* Project object */;
}
