// !$*UTF8*$!
{
	archiveVersion = 1;
	classes = {
	};
	objectVersion = 56;
	objects = {

/* Begin PBXBuildFile section */
		270784F82C8269438609A224 /* Pods_StokTracking.framework in Frameworks */ = {isa = PBXBuildFile; fileRef = 98615C94FEE729E39C35DDB2 /* Pods_StokTracking.framework */; };
		4F45E188291831C9002A8294 /* AppDelegate.swift in Sources */ = {isa = PBXBuildFile; fileRef = 4F45E187291831C9002A8294 /* AppDelegate.swift */; };
		4F45E18A291831C9002A8294 /* SceneDelegate.swift in Sources */ = {isa = PBXBuildFile; fileRef = 4F45E189291831C9002A8294 /* SceneDelegate.swift */; };
		4F45E18C291831C9002A8294 /* ViewController.swift in Sources */ = {isa = PBXBuildFile; fileRef = 4F45E18B291831C9002A8294 /* ViewController.swift */; };
		4F45E18F291831C9002A8294 /* Main.storyboard in Resources */ = {isa = PBXBuildFile; fileRef = 4F45E18D291831C9002A8294 /* Main.storyboard */; };
		4F45E192291831C9002A8294 /* StokTracking.xcdatamodeld in Sources */ = {isa = PBXBuildFile; fileRef = 4F45E190291831C9002A8294 /* StokTracking.xcdatamodeld */; };
		4F45E194291831CA002A8294 /* Assets.xcassets in Resources */ = {isa = PBXBuildFile; fileRef = 4F45E193291831CA002A8294 /* Assets.xcassets */; };
		4F45E197291831CA002A8294 /* LaunchScreen.storyboard in Resources */ = {isa = PBXBuildFile; fileRef = 4F45E195291831CA002A8294 /* LaunchScreen.storyboard */; };
		4F45E19F29183280002A8294 /* AppCoordinator.swift in Sources */ = {isa = PBXBuildFile; fileRef = 4F45E19E29183280002A8294 /* AppCoordinator.swift */; };
		4F45E1A1291833FD002A8294 /* HomeCoordinator.swift in Sources */ = {isa = PBXBuildFile; fileRef = 4F45E1A0291833FD002A8294 /* HomeCoordinator.swift */; };
		4F45E1A329183571002A8294 /* SettingsVC.swift in Sources */ = {isa = PBXBuildFile; fileRef = 4F45E1A229183571002A8294 /* SettingsVC.swift */; };
		4F45E1A5291835BC002A8294 /* HomeVC.swift in Sources */ = {isa = PBXBuildFile; fileRef = 4F45E1A4291835BC002A8294 /* HomeVC.swift */; };
		4F45E1A7291841B6002A8294 /* TabBarController.swift in Sources */ = {isa = PBXBuildFile; fileRef = 4F45E1A6291841B6002A8294 /* TabBarController.swift */; };
		4F45E1B2291852B8002A8294 /* HomePageCell.swift in Sources */ = {isa = PBXBuildFile; fileRef = 4F45E1B1291852B8002A8294 /* HomePageCell.swift */; };
		4F45E1B429185789002A8294 /* TabBarViewModel.swift in Sources */ = {isa = PBXBuildFile; fileRef = 4F45E1B329185789002A8294 /* TabBarViewModel.swift */; };
		4F45E1B629185BDA002A8294 /* HomePageCellViewModel.swift in Sources */ = {isa = PBXBuildFile; fileRef = 4F45E1B529185BDA002A8294 /* HomePageCellViewModel.swift */; };
		4F45E1B929186165002A8294 /* Constants.swift in Sources */ = {isa = PBXBuildFile; fileRef = 4F45E1B829186165002A8294 /* Constants.swift */; };
		4F45E1BC29186960002A8294 /* BaseCollectionViews.swift in Sources */ = {isa = PBXBuildFile; fileRef = 4F45E1BB29186960002A8294 /* BaseCollectionViews.swift */; };
		4F45E1BE29186B1F002A8294 /* TitleViewModel.swift in Sources */ = {isa = PBXBuildFile; fileRef = 4F45E1BD29186B1F002A8294 /* TitleViewModel.swift */; };
		4F45E1C02918894B002A8294 /* HomeViewModel.swift in Sources */ = {isa = PBXBuildFile; fileRef = 4F45E1BF2918894B002A8294 /* HomeViewModel.swift */; };
		4F45E1F129190E2A002A8294 /* UITabBarController+Extensions.swift in Sources */ = {isa = PBXBuildFile; fileRef = 4F45E1F029190E2A002A8294 /* UITabBarController+Extensions.swift */; };
		4F45E225291AC7EC002A8294 /* AddProductCoordinator.swift in Sources */ = {isa = PBXBuildFile; fileRef = 4F45E224291AC7EC002A8294 /* AddProductCoordinator.swift */; };
		4F45E227291ACEC7002A8294 /* AddProductVC.swift in Sources */ = {isa = PBXBuildFile; fileRef = 4F45E226291ACEC7002A8294 /* AddProductVC.swift */; };
		4F45E229291AEB3D002A8294 /* UIApplication+Extensions.swift in Sources */ = {isa = PBXBuildFile; fileRef = 4F45E228291AEB3D002A8294 /* UIApplication+Extensions.swift */; };
		4F45E22B291AEE05002A8294 /* UIImage+Extensions.swift in Sources */ = {isa = PBXBuildFile; fileRef = 4F45E22A291AEE05002A8294 /* UIImage+Extensions.swift */; };
		4F45E22D291AEEA1002A8294 /* Helper.swift in Sources */ = {isa = PBXBuildFile; fileRef = 4F45E22C291AEEA1002A8294 /* Helper.swift */; };
		4F45E22F291AF522002A8294 /* AddProductCollectionViews.swift in Sources */ = {isa = PBXBuildFile; fileRef = 4F45E22E291AF522002A8294 /* AddProductCollectionViews.swift */; };
		4F45E231291AFCA5002A8294 /* AddProductViewModel.swift in Sources */ = {isa = PBXBuildFile; fileRef = 4F45E230291AFCA5002A8294 /* AddProductViewModel.swift */; };
		4F51FE34291C025900FE6B25 /* CellBuilder.swift in Sources */ = {isa = PBXBuildFile; fileRef = 4F51FE33291C025800FE6B25 /* CellBuilder.swift */; };
		4F51FE36291C397700FE6B25 /* UITextField+Extensions.swift in Sources */ = {isa = PBXBuildFile; fileRef = 4F51FE35291C397700FE6B25 /* UITextField+Extensions.swift */; };
		4F51FE38291D124400FE6B25 /* CoreDataManager.swift in Sources */ = {isa = PBXBuildFile; fileRef = 4F51FE37291D124400FE6B25 /* CoreDataManager.swift */; };
		4F51FE3A291D1E7F00FE6B25 /* StockCellViewModel.swift in Sources */ = {isa = PBXBuildFile; fileRef = 4F51FE39291D1E7F00FE6B25 /* StockCellViewModel.swift */; };
/* End PBXBuildFile section */

/* Begin PBXFileReference section */
		4F45E184291831C9002A8294 /* StokTracking.app */ = {isa = PBXFileReference; explicitFileType = wrapper.application; includeInIndex = 0; path = StokTracking.app; sourceTree = BUILT_PRODUCTS_DIR; };
		4F45E187291831C9002A8294 /* AppDelegate.swift */ = {isa = PBXFileReference; lastKnownFileType = sourcecode.swift; path = AppDelegate.swift; sourceTree = "<group>"; };
		4F45E189291831C9002A8294 /* SceneDelegate.swift */ = {isa = PBXFileReference; lastKnownFileType = sourcecode.swift; path = SceneDelegate.swift; sourceTree = "<group>"; };
		4F45E18B291831C9002A8294 /* ViewController.swift */ = {isa = PBXFileReference; lastKnownFileType = sourcecode.swift; path = ViewController.swift; sourceTree = "<group>"; };
		4F45E18E291831C9002A8294 /* Base */ = {isa = PBXFileReference; lastKnownFileType = file.storyboard; name = Base; path = Base.lproj/Main.storyboard; sourceTree = "<group>"; };
		4F45E191291831C9002A8294 /* StokTracking.xcdatamodel */ = {isa = PBXFileReference; lastKnownFileType = wrapper.xcdatamodel; path = StokTracking.xcdatamodel; sourceTree = "<group>"; };
		4F45E193291831CA002A8294 /* Assets.xcassets */ = {isa = PBXFileReference; lastKnownFileType = folder.assetcatalog; path = Assets.xcassets; sourceTree = "<group>"; };
		4F45E196291831CA002A8294 /* Base */ = {isa = PBXFileReference; lastKnownFileType = file.storyboard; name = Base; path = Base.lproj/LaunchScreen.storyboard; sourceTree = "<group>"; };
		4F45E198291831CA002A8294 /* Info.plist */ = {isa = PBXFileReference; lastKnownFileType = text.plist.xml; path = Info.plist; sourceTree = "<group>"; };
		4F45E19E29183280002A8294 /* AppCoordinator.swift */ = {isa = PBXFileReference; lastKnownFileType = sourcecode.swift; path = AppCoordinator.swift; sourceTree = "<group>"; };
		4F45E1A0291833FD002A8294 /* HomeCoordinator.swift */ = {isa = PBXFileReference; lastKnownFileType = sourcecode.swift; path = HomeCoordinator.swift; sourceTree = "<group>"; };
		4F45E1A229183571002A8294 /* SettingsVC.swift */ = {isa = PBXFileReference; lastKnownFileType = sourcecode.swift; path = SettingsVC.swift; sourceTree = "<group>"; };
		4F45E1A4291835BC002A8294 /* HomeVC.swift */ = {isa = PBXFileReference; lastKnownFileType = sourcecode.swift; path = HomeVC.swift; sourceTree = "<group>"; };
		4F45E1A6291841B6002A8294 /* TabBarController.swift */ = {isa = PBXFileReference; lastKnownFileType = sourcecode.swift; path = TabBarController.swift; sourceTree = "<group>"; };
		4F45E1B1291852B8002A8294 /* HomePageCell.swift */ = {isa = PBXFileReference; lastKnownFileType = sourcecode.swift; path = HomePageCell.swift; sourceTree = "<group>"; };
		4F45E1B329185789002A8294 /* TabBarViewModel.swift */ = {isa = PBXFileReference; lastKnownFileType = sourcecode.swift; path = TabBarViewModel.swift; sourceTree = "<group>"; };
		4F45E1B529185BDA002A8294 /* HomePageCellViewModel.swift */ = {isa = PBXFileReference; lastKnownFileType = sourcecode.swift; path = HomePageCellViewModel.swift; sourceTree = "<group>"; };
		4F45E1B829186165002A8294 /* Constants.swift */ = {isa = PBXFileReference; lastKnownFileType = sourcecode.swift; path = Constants.swift; sourceTree = "<group>"; };
		4F45E1BB29186960002A8294 /* BaseCollectionViews.swift */ = {isa = PBXFileReference; lastKnownFileType = sourcecode.swift; path = BaseCollectionViews.swift; sourceTree = "<group>"; };
		4F45E1BD29186B1F002A8294 /* TitleViewModel.swift */ = {isa = PBXFileReference; lastKnownFileType = sourcecode.swift; path = TitleViewModel.swift; sourceTree = "<group>"; };
		4F45E1BF2918894B002A8294 /* HomeViewModel.swift */ = {isa = PBXFileReference; lastKnownFileType = sourcecode.swift; path = HomeViewModel.swift; sourceTree = "<group>"; };
		4F45E1F029190E2A002A8294 /* UITabBarController+Extensions.swift */ = {isa = PBXFileReference; lastKnownFileType = sourcecode.swift; path = "UITabBarController+Extensions.swift"; sourceTree = "<group>"; };
		4F45E224291AC7EC002A8294 /* AddProductCoordinator.swift */ = {isa = PBXFileReference; lastKnownFileType = sourcecode.swift; path = AddProductCoordinator.swift; sourceTree = "<group>"; };
		4F45E226291ACEC7002A8294 /* AddProductVC.swift */ = {isa = PBXFileReference; lastKnownFileType = sourcecode.swift; path = AddProductVC.swift; sourceTree = "<group>"; };
		4F45E228291AEB3D002A8294 /* UIApplication+Extensions.swift */ = {isa = PBXFileReference; lastKnownFileType = sourcecode.swift; path = "UIApplication+Extensions.swift"; sourceTree = "<group>"; };
		4F45E22A291AEE05002A8294 /* UIImage+Extensions.swift */ = {isa = PBXFileReference; lastKnownFileType = sourcecode.swift; path = "UIImage+Extensions.swift"; sourceTree = "<group>"; };
		4F45E22C291AEEA1002A8294 /* Helper.swift */ = {isa = PBXFileReference; lastKnownFileType = sourcecode.swift; path = Helper.swift; sourceTree = "<group>"; };
		4F45E22E291AF522002A8294 /* AddProductCollectionViews.swift */ = {isa = PBXFileReference; lastKnownFileType = sourcecode.swift; path = AddProductCollectionViews.swift; sourceTree = "<group>"; };
		4F45E230291AFCA5002A8294 /* AddProductViewModel.swift */ = {isa = PBXFileReference; lastKnownFileType = sourcecode.swift; path = AddProductViewModel.swift; sourceTree = "<group>"; };
		4F51FE33291C025800FE6B25 /* CellBuilder.swift */ = {isa = PBXFileReference; lastKnownFileType = sourcecode.swift; path = CellBuilder.swift; sourceTree = "<group>"; };
		4F51FE35291C397700FE6B25 /* UITextField+Extensions.swift */ = {isa = PBXFileReference; lastKnownFileType = sourcecode.swift; path = "UITextField+Extensions.swift"; sourceTree = "<group>"; };
		4F51FE37291D124400FE6B25 /* CoreDataManager.swift */ = {isa = PBXFileReference; lastKnownFileType = sourcecode.swift; path = CoreDataManager.swift; sourceTree = "<group>"; };
		4F51FE39291D1E7F00FE6B25 /* StockCellViewModel.swift */ = {isa = PBXFileReference; lastKnownFileType = sourcecode.swift; path = StockCellViewModel.swift; sourceTree = "<group>"; };
		681C7560C196DFAA8DF2BEA6 /* Pods-StokTracking.debug.xcconfig */ = {isa = PBXFileReference; includeInIndex = 1; lastKnownFileType = text.xcconfig; name = "Pods-StokTracking.debug.xcconfig"; path = "Target Support Files/Pods-StokTracking/Pods-StokTracking.debug.xcconfig"; sourceTree = "<group>"; };
		98615C94FEE729E39C35DDB2 /* Pods_StokTracking.framework */ = {isa = PBXFileReference; explicitFileType = wrapper.framework; includeInIndex = 0; path = Pods_StokTracking.framework; sourceTree = BUILT_PRODUCTS_DIR; };
		9C3542C64F212333C01D46CD /* Pods-StokTracking.release.xcconfig */ = {isa = PBXFileReference; includeInIndex = 1; lastKnownFileType = text.xcconfig; name = "Pods-StokTracking.release.xcconfig"; path = "Target Support Files/Pods-StokTracking/Pods-StokTracking.release.xcconfig"; sourceTree = "<group>"; };
/* End PBXFileReference section */

/* Begin PBXFrameworksBuildPhase section */
		4F45E181291831C9002A8294 /* Frameworks */ = {
			isa = PBXFrameworksBuildPhase;
			buildActionMask = 2147483647;
			files = (
				270784F82C8269438609A224 /* Pods_StokTracking.framework in Frameworks */,
			);
			runOnlyForDeploymentPostprocessing = 0;
		};
/* End PBXFrameworksBuildPhase section */

/* Begin PBXGroup section */
		4F45E17B291831C9002A8294 = {
			isa = PBXGroup;
			children = (
				4F45E186291831C9002A8294 /* StokTracking */,
				4F45E185291831C9002A8294 /* Products */,
				EE0FBD8FBC6ABC5703FE1E9E /* Pods */,
				BF2E37F300DCFACEB22A1FC7 /* Frameworks */,
			);
			sourceTree = "<group>";
		};
		4F45E185291831C9002A8294 /* Products */ = {
			isa = PBXGroup;
			children = (
				4F45E184291831C9002A8294 /* StokTracking.app */,
			);
			name = Products;
			sourceTree = "<group>";
		};
		4F45E186291831C9002A8294 /* StokTracking */ = {
			isa = PBXGroup;
			children = (
				4F45E1B729186157002A8294 /* Helper */,
				4F45E1B0291851FF002A8294 /* Views */,
				4F45E1AF291851D7002A8294 /* ViewModels */,
				4F45E1AE291851C1002A8294 /* Extensions */,
				4F45E1AD291851B9002A8294 /* Controllers */,
				4F45E1AC291851B2002A8294 /* Coordinators */,
				4F45E187291831C9002A8294 /* AppDelegate.swift */,
				4F45E189291831C9002A8294 /* SceneDelegate.swift */,
				4F45E18B291831C9002A8294 /* ViewController.swift */,
				4F45E18D291831C9002A8294 /* Main.storyboard */,
				4F45E193291831CA002A8294 /* Assets.xcassets */,
				4F45E195291831CA002A8294 /* LaunchScreen.storyboard */,
				4F45E198291831CA002A8294 /* Info.plist */,
				4F45E190291831C9002A8294 /* StokTracking.xcdatamodeld */,
				4F51FE37291D124400FE6B25 /* CoreDataManager.swift */,
				4F51FE39291D1E7F00FE6B25 /* StockCellViewModel.swift */,
			);
			path = StokTracking;
			sourceTree = "<group>";
		};
		4F45E1AC291851B2002A8294 /* Coordinators */ = {
			isa = PBXGroup;
			children = (
				4F45E19E29183280002A8294 /* AppCoordinator.swift */,
				4F45E1A0291833FD002A8294 /* HomeCoordinator.swift */,
				4F45E224291AC7EC002A8294 /* AddProductCoordinator.swift */,
			);
			path = Coordinators;
			sourceTree = "<group>";
		};
		4F45E1AD291851B9002A8294 /* Controllers */ = {
			isa = PBXGroup;
			children = (
				4F45E1A6291841B6002A8294 /* TabBarController.swift */,
				4F45E1A229183571002A8294 /* SettingsVC.swift */,
				4F45E1A4291835BC002A8294 /* HomeVC.swift */,
				4F45E226291ACEC7002A8294 /* AddProductVC.swift */,
			);
			path = Controllers;
			sourceTree = "<group>";
		};
		4F45E1AE291851C1002A8294 /* Extensions */ = {
			isa = PBXGroup;
			children = (
				4F45E1F029190E2A002A8294 /* UITabBarController+Extensions.swift */,
				4F45E228291AEB3D002A8294 /* UIApplication+Extensions.swift */,
				4F45E22A291AEE05002A8294 /* UIImage+Extensions.swift */,
				4F51FE35291C397700FE6B25 /* UITextField+Extensions.swift */,
			);
			path = Extensions;
			sourceTree = "<group>";
		};
		4F45E1AF291851D7002A8294 /* ViewModels */ = {
			isa = PBXGroup;
			children = (
				4F45E1B329185789002A8294 /* TabBarViewModel.swift */,
				4F45E1B529185BDA002A8294 /* HomePageCellViewModel.swift */,
				4F45E1BD29186B1F002A8294 /* TitleViewModel.swift */,
				4F45E1BF2918894B002A8294 /* HomeViewModel.swift */,
				4F45E230291AFCA5002A8294 /* AddProductViewModel.swift */,
			);
			path = ViewModels;
			sourceTree = "<group>";
		};
		4F45E1B0291851FF002A8294 /* Views */ = {
			isa = PBXGroup;
			children = (
				4F45E1BA2918694F002A8294 /* CollectionViews */,
				4F45E1B1291852B8002A8294 /* HomePageCell.swift */,
				4F51FE33291C025800FE6B25 /* CellBuilder.swift */,
			);
			path = Views;
			sourceTree = "<group>";
		};
		4F45E1B729186157002A8294 /* Helper */ = {
			isa = PBXGroup;
			children = (
				4F45E1B829186165002A8294 /* Constants.swift */,
				4F45E22C291AEEA1002A8294 /* Helper.swift */,
			);
			path = Helper;
			sourceTree = "<group>";
		};
		4F45E1BA2918694F002A8294 /* CollectionViews */ = {
			isa = PBXGroup;
			children = (
				4F45E1BB29186960002A8294 /* BaseCollectionViews.swift */,
				4F45E22E291AF522002A8294 /* AddProductCollectionViews.swift */,
			);
			path = CollectionViews;
			sourceTree = "<group>";
		};
		BF2E37F300DCFACEB22A1FC7 /* Frameworks */ = {
			isa = PBXGroup;
			children = (
				98615C94FEE729E39C35DDB2 /* Pods_StokTracking.framework */,
			);
			name = Frameworks;
			sourceTree = "<group>";
		};
		EE0FBD8FBC6ABC5703FE1E9E /* Pods */ = {
			isa = PBXGroup;
			children = (
				681C7560C196DFAA8DF2BEA6 /* Pods-StokTracking.debug.xcconfig */,
				9C3542C64F212333C01D46CD /* Pods-StokTracking.release.xcconfig */,
			);
			path = Pods;
			sourceTree = "<group>";
		};
/* End PBXGroup section */

/* Begin PBXNativeTarget section */
		4F45E183291831C9002A8294 /* StokTracking */ = {
			isa = PBXNativeTarget;
			buildConfigurationList = 4F45E19B291831CA002A8294 /* Build configuration list for PBXNativeTarget "StokTracking" */;
			buildPhases = (
				5C0BBAF064BE4D9D1066A667 /* [CP] Check Pods Manifest.lock */,
				4F45E180291831C9002A8294 /* Sources */,
				4F45E181291831C9002A8294 /* Frameworks */,
				4F45E182291831C9002A8294 /* Resources */,
				0E9B53E6536E421CBCF080F7 /* [CP] Embed Pods Frameworks */,
			);
			buildRules = (
			);
			dependencies = (
			);
			name = StokTracking;
			productName = StokTracking;
			productReference = 4F45E184291831C9002A8294 /* StokTracking.app */;
			productType = "com.apple.product-type.application";
		};
/* End PBXNativeTarget section */

/* Begin PBXProject section */
		4F45E17C291831C9002A8294 /* Project object */ = {
			isa = PBXProject;
			attributes = {
				BuildIndependentTargetsInParallel = 1;
				LastSwiftUpdateCheck = 1400;
				LastUpgradeCheck = 1400;
				TargetAttributes = {
					4F45E183291831C9002A8294 = {
						CreatedOnToolsVersion = 14.0.1;
					};
				};
			};
			buildConfigurationList = 4F45E17F291831C9002A8294 /* Build configuration list for PBXProject "StokTracking" */;
			compatibilityVersion = "Xcode 14.0";
			developmentRegion = en;
			hasScannedForEncodings = 0;
			knownRegions = (
				en,
				Base,
			);
			mainGroup = 4F45E17B291831C9002A8294;
			productRefGroup = 4F45E185291831C9002A8294 /* Products */;
			projectDirPath = "";
			projectRoot = "";
			targets = (
				4F45E183291831C9002A8294 /* StokTracking */,
			);
		};
/* End PBXProject section */

/* Begin PBXResourcesBuildPhase section */
		4F45E182291831C9002A8294 /* Resources */ = {
			isa = PBXResourcesBuildPhase;
			buildActionMask = 2147483647;
			files = (
				4F45E197291831CA002A8294 /* LaunchScreen.storyboard in Resources */,
				4F45E194291831CA002A8294 /* Assets.xcassets in Resources */,
				4F45E18F291831C9002A8294 /* Main.storyboard in Resources */,
			);
			runOnlyForDeploymentPostprocessing = 0;
		};
/* End PBXResourcesBuildPhase section */

/* Begin PBXShellScriptBuildPhase section */
		0E9B53E6536E421CBCF080F7 /* [CP] Embed Pods Frameworks */ = {
			isa = PBXShellScriptBuildPhase;
			buildActionMask = 2147483647;
			files = (
			);
			inputFileListPaths = (
				"${PODS_ROOT}/Target Support Files/Pods-StokTracking/Pods-StokTracking-frameworks-${CONFIGURATION}-input-files.xcfilelist",
			);
			name = "[CP] Embed Pods Frameworks";
			outputFileListPaths = (
				"${PODS_ROOT}/Target Support Files/Pods-StokTracking/Pods-StokTracking-frameworks-${CONFIGURATION}-output-files.xcfilelist",
			);
			runOnlyForDeploymentPostprocessing = 0;
			shellPath = /bin/sh;
			shellScript = "\"${PODS_ROOT}/Target Support Files/Pods-StokTracking/Pods-StokTracking-frameworks.sh\"\n";
			showEnvVarsInLog = 0;
		};
		5C0BBAF064BE4D9D1066A667 /* [CP] Check Pods Manifest.lock */ = {
			isa = PBXShellScriptBuildPhase;
			buildActionMask = 2147483647;
			files = (
			);
			inputFileListPaths = (
			);
			inputPaths = (
				"${PODS_PODFILE_DIR_PATH}/Podfile.lock",
				"${PODS_ROOT}/Manifest.lock",
			);
			name = "[CP] Check Pods Manifest.lock";
			outputFileListPaths = (
			);
			outputPaths = (
				"$(DERIVED_FILE_DIR)/Pods-StokTracking-checkManifestLockResult.txt",
			);
			runOnlyForDeploymentPostprocessing = 0;
			shellPath = /bin/sh;
			shellScript = "diff \"${PODS_PODFILE_DIR_PATH}/Podfile.lock\" \"${PODS_ROOT}/Manifest.lock\" > /dev/null\nif [ $? != 0 ] ; then\n    # print error to STDERR\n    echo \"error: The sandbox is not in sync with the Podfile.lock. Run 'pod install' or update your CocoaPods installation.\" >&2\n    exit 1\nfi\n# This output is used by Xcode 'outputs' to avoid re-running this script phase.\necho \"SUCCESS\" > \"${SCRIPT_OUTPUT_FILE_0}\"\n";
			showEnvVarsInLog = 0;
		};
/* End PBXShellScriptBuildPhase section */

/* Begin PBXSourcesBuildPhase section */
		4F45E180291831C9002A8294 /* Sources */ = {
			isa = PBXSourcesBuildPhase;
			buildActionMask = 2147483647;
			files = (
				4F45E18C291831C9002A8294 /* ViewController.swift in Sources */,
				4F45E1A5291835BC002A8294 /* HomeVC.swift in Sources */,
				4F45E225291AC7EC002A8294 /* AddProductCoordinator.swift in Sources */,
				4F51FE3A291D1E7F00FE6B25 /* StockCellViewModel.swift in Sources */,
				4F45E22B291AEE05002A8294 /* UIImage+Extensions.swift in Sources */,
				4F45E192291831C9002A8294 /* StokTracking.xcdatamodeld in Sources */,
				4F45E1C02918894B002A8294 /* HomeViewModel.swift in Sources */,
				4F51FE38291D124400FE6B25 /* CoreDataManager.swift in Sources */,
				4F45E1A7291841B6002A8294 /* TabBarController.swift in Sources */,
				4F45E1B629185BDA002A8294 /* HomePageCellViewModel.swift in Sources */,
				4F45E22F291AF522002A8294 /* AddProductCollectionViews.swift in Sources */,
				4F45E1F129190E2A002A8294 /* UITabBarController+Extensions.swift in Sources */,
				4F45E227291ACEC7002A8294 /* AddProductVC.swift in Sources */,
				4F45E19F29183280002A8294 /* AppCoordinator.swift in Sources */,
				4F45E22D291AEEA1002A8294 /* Helper.swift in Sources */,
				4F51FE36291C397700FE6B25 /* UITextField+Extensions.swift in Sources */,
				4F45E229291AEB3D002A8294 /* UIApplication+Extensions.swift in Sources */,
				4F45E188291831C9002A8294 /* AppDelegate.swift in Sources */,
				4F51FE34291C025900FE6B25 /* CellBuilder.swift in Sources */,
				4F45E1B929186165002A8294 /* Constants.swift in Sources */,
				4F45E18A291831C9002A8294 /* SceneDelegate.swift in Sources */,
				4F45E1A1291833FD002A8294 /* HomeCoordinator.swift in Sources */,
				4F45E231291AFCA5002A8294 /* AddProductViewModel.swift in Sources */,
				4F45E1B2291852B8002A8294 /* HomePageCell.swift in Sources */,
				4F45E1A329183571002A8294 /* SettingsVC.swift in Sources */,
				4F45E1B429185789002A8294 /* TabBarViewModel.swift in Sources */,
				4F45E1BC29186960002A8294 /* BaseCollectionViews.swift in Sources */,
				4F45E1BE29186B1F002A8294 /* TitleViewModel.swift in Sources */,
			);
			runOnlyForDeploymentPostprocessing = 0;
		};
/* End PBXSourcesBuildPhase section */

/* Begin PBXVariantGroup section */
		4F45E18D291831C9002A8294 /* Main.storyboard */ = {
			isa = PBXVariantGroup;
			children = (
				4F45E18E291831C9002A8294 /* Base */,
			);
			name = Main.storyboard;
			sourceTree = "<group>";
		};
		4F45E195291831CA002A8294 /* LaunchScreen.storyboard */ = {
			isa = PBXVariantGroup;
			children = (
				4F45E196291831CA002A8294 /* Base */,
			);
			name = LaunchScreen.storyboard;
			sourceTree = "<group>";
		};
/* End PBXVariantGroup section */

/* Begin XCBuildConfiguration section */
		4F45E199291831CA002A8294 /* Debug */ = {
			isa = XCBuildConfiguration;
			buildSettings = {
				ALWAYS_SEARCH_USER_PATHS = NO;
				CLANG_ANALYZER_NONNULL = YES;
				CLANG_ANALYZER_NUMBER_OBJECT_CONVERSION = YES_AGGRESSIVE;
				CLANG_CXX_LANGUAGE_STANDARD = "gnu++20";
				CLANG_ENABLE_MODULES = YES;
				CLANG_ENABLE_OBJC_ARC = YES;
				CLANG_ENABLE_OBJC_WEAK = YES;
				CLANG_WARN_BLOCK_CAPTURE_AUTORELEASING = YES;
				CLANG_WARN_BOOL_CONVERSION = YES;
				CLANG_WARN_COMMA = YES;
				CLANG_WARN_CONSTANT_CONVERSION = YES;
				CLANG_WARN_DEPRECATED_OBJC_IMPLEMENTATIONS = YES;
				CLANG_WARN_DIRECT_OBJC_ISA_USAGE = YES_ERROR;
				CLANG_WARN_DOCUMENTATION_COMMENTS = YES;
				CLANG_WARN_EMPTY_BODY = YES;
				CLANG_WARN_ENUM_CONVERSION = YES;
				CLANG_WARN_INFINITE_RECURSION = YES;
				CLANG_WARN_INT_CONVERSION = YES;
				CLANG_WARN_NON_LITERAL_NULL_CONVERSION = YES;
				CLANG_WARN_OBJC_IMPLICIT_RETAIN_SELF = YES;
				CLANG_WARN_OBJC_LITERAL_CONVERSION = YES;
				CLANG_WARN_OBJC_ROOT_CLASS = YES_ERROR;
				CLANG_WARN_QUOTED_INCLUDE_IN_FRAMEWORK_HEADER = YES;
				CLANG_WARN_RANGE_LOOP_ANALYSIS = YES;
				CLANG_WARN_STRICT_PROTOTYPES = YES;
				CLANG_WARN_SUSPICIOUS_MOVE = YES;
				CLANG_WARN_UNGUARDED_AVAILABILITY = YES_AGGRESSIVE;
				CLANG_WARN_UNREACHABLE_CODE = YES;
				CLANG_WARN__DUPLICATE_METHOD_MATCH = YES;
				COPY_PHASE_STRIP = NO;
				DEBUG_INFORMATION_FORMAT = dwarf;
				ENABLE_STRICT_OBJC_MSGSEND = YES;
				ENABLE_TESTABILITY = YES;
				GCC_C_LANGUAGE_STANDARD = gnu11;
				GCC_DYNAMIC_NO_PIC = NO;
				GCC_NO_COMMON_BLOCKS = YES;
				GCC_OPTIMIZATION_LEVEL = 0;
				GCC_PREPROCESSOR_DEFINITIONS = (
					"DEBUG=1",
					"$(inherited)",
				);
				GCC_WARN_64_TO_32_BIT_CONVERSION = YES;
				GCC_WARN_ABOUT_RETURN_TYPE = YES_ERROR;
				GCC_WARN_UNDECLARED_SELECTOR = YES;
				GCC_WARN_UNINITIALIZED_AUTOS = YES_AGGRESSIVE;
				GCC_WARN_UNUSED_FUNCTION = YES;
				GCC_WARN_UNUSED_VARIABLE = YES;
				IPHONEOS_DEPLOYMENT_TARGET = 16.0;
				MTL_ENABLE_DEBUG_INFO = INCLUDE_SOURCE;
				MTL_FAST_MATH = YES;
				ONLY_ACTIVE_ARCH = YES;
				SDKROOT = iphoneos;
				SWIFT_ACTIVE_COMPILATION_CONDITIONS = DEBUG;
				SWIFT_OPTIMIZATION_LEVEL = "-Onone";
			};
			name = Debug;
		};
		4F45E19A291831CA002A8294 /* Release */ = {
			isa = XCBuildConfiguration;
			buildSettings = {
				ALWAYS_SEARCH_USER_PATHS = NO;
				CLANG_ANALYZER_NONNULL = YES;
				CLANG_ANALYZER_NUMBER_OBJECT_CONVERSION = YES_AGGRESSIVE;
				CLANG_CXX_LANGUAGE_STANDARD = "gnu++20";
				CLANG_ENABLE_MODULES = YES;
				CLANG_ENABLE_OBJC_ARC = YES;
				CLANG_ENABLE_OBJC_WEAK = YES;
				CLANG_WARN_BLOCK_CAPTURE_AUTORELEASING = YES;
				CLANG_WARN_BOOL_CONVERSION = YES;
				CLANG_WARN_COMMA = YES;
				CLANG_WARN_CONSTANT_CONVERSION = YES;
				CLANG_WARN_DEPRECATED_OBJC_IMPLEMENTATIONS = YES;
				CLANG_WARN_DIRECT_OBJC_ISA_USAGE = YES_ERROR;
				CLANG_WARN_DOCUMENTATION_COMMENTS = YES;
				CLANG_WARN_EMPTY_BODY = YES;
				CLANG_WARN_ENUM_CONVERSION = YES;
				CLANG_WARN_INFINITE_RECURSION = YES;
				CLANG_WARN_INT_CONVERSION = YES;
				CLANG_WARN_NON_LITERAL_NULL_CONVERSION = YES;
				CLANG_WARN_OBJC_IMPLICIT_RETAIN_SELF = YES;
				CLANG_WARN_OBJC_LITERAL_CONVERSION = YES;
				CLANG_WARN_OBJC_ROOT_CLASS = YES_ERROR;
				CLANG_WARN_QUOTED_INCLUDE_IN_FRAMEWORK_HEADER = YES;
				CLANG_WARN_RANGE_LOOP_ANALYSIS = YES;
				CLANG_WARN_STRICT_PROTOTYPES = YES;
				CLANG_WARN_SUSPICIOUS_MOVE = YES;
				CLANG_WARN_UNGUARDED_AVAILABILITY = YES_AGGRESSIVE;
				CLANG_WARN_UNREACHABLE_CODE = YES;
				CLANG_WARN__DUPLICATE_METHOD_MATCH = YES;
				COPY_PHASE_STRIP = NO;
				DEBUG_INFORMATION_FORMAT = "dwarf-with-dsym";
				ENABLE_NS_ASSERTIONS = NO;
				ENABLE_STRICT_OBJC_MSGSEND = YES;
				GCC_C_LANGUAGE_STANDARD = gnu11;
				GCC_NO_COMMON_BLOCKS = YES;
				GCC_WARN_64_TO_32_BIT_CONVERSION = YES;
				GCC_WARN_ABOUT_RETURN_TYPE = YES_ERROR;
				GCC_WARN_UNDECLARED_SELECTOR = YES;
				GCC_WARN_UNINITIALIZED_AUTOS = YES_AGGRESSIVE;
				GCC_WARN_UNUSED_FUNCTION = YES;
				GCC_WARN_UNUSED_VARIABLE = YES;
				IPHONEOS_DEPLOYMENT_TARGET = 16.0;
				MTL_ENABLE_DEBUG_INFO = NO;
				MTL_FAST_MATH = YES;
				SDKROOT = iphoneos;
				SWIFT_COMPILATION_MODE = wholemodule;
				SWIFT_OPTIMIZATION_LEVEL = "-O";
				VALIDATE_PRODUCT = YES;
			};
			name = Release;
		};
		4F45E19C291831CA002A8294 /* Debug */ = {
			isa = XCBuildConfiguration;
			baseConfigurationReference = 681C7560C196DFAA8DF2BEA6 /* Pods-StokTracking.debug.xcconfig */;
			buildSettings = {
				ASSETCATALOG_COMPILER_APPICON_NAME = AppIcon;
				ASSETCATALOG_COMPILER_GLOBAL_ACCENT_COLOR_NAME = AccentColor;
				CODE_SIGN_STYLE = Automatic;
				CURRENT_PROJECT_VERSION = 1;
				DEVELOPMENT_TEAM = N7YT66NZA9;
				GENERATE_INFOPLIST_FILE = YES;
				INFOPLIST_FILE = StokTracking/Info.plist;
				INFOPLIST_KEY_UIApplicationSupportsIndirectInputEvents = YES;
				INFOPLIST_KEY_UILaunchStoryboardName = LaunchScreen;
				INFOPLIST_KEY_UIMainStoryboardFile = Main;
				INFOPLIST_KEY_UISupportedInterfaceOrientations_iPad = "UIInterfaceOrientationPortrait UIInterfaceOrientationPortraitUpsideDown UIInterfaceOrientationLandscapeLeft UIInterfaceOrientationLandscapeRight";
				INFOPLIST_KEY_UISupportedInterfaceOrientations_iPhone = "UIInterfaceOrientationPortrait UIInterfaceOrientationLandscapeLeft UIInterfaceOrientationLandscapeRight";
				LD_RUNPATH_SEARCH_PATHS = (
					"$(inherited)",
					"@executable_path/Frameworks",
				);
				MARKETING_VERSION = 1.0;
				PRODUCT_BUNDLE_IDENTIFIER = com.ibrahimtasdemir.com.StokTracking;
				PRODUCT_NAME = "$(TARGET_NAME)";
				SWIFT_EMIT_LOC_STRINGS = YES;
				SWIFT_VERSION = 5.0;
				TARGETED_DEVICE_FAMILY = "1,2";
			};
			name = Debug;
		};
		4F45E19D291831CA002A8294 /* Release */ = {
			isa = XCBuildConfiguration;
			baseConfigurationReference = 9C3542C64F212333C01D46CD /* Pods-StokTracking.release.xcconfig */;
			buildSettings = {
				ASSETCATALOG_COMPILER_APPICON_NAME = AppIcon;
				ASSETCATALOG_COMPILER_GLOBAL_ACCENT_COLOR_NAME = AccentColor;
				CODE_SIGN_STYLE = Automatic;
				CURRENT_PROJECT_VERSION = 1;
				DEVELOPMENT_TEAM = N7YT66NZA9;
				GENERATE_INFOPLIST_FILE = YES;
				INFOPLIST_FILE = StokTracking/Info.plist;
				INFOPLIST_KEY_UIApplicationSupportsIndirectInputEvents = YES;
				INFOPLIST_KEY_UILaunchStoryboardName = LaunchScreen;
				INFOPLIST_KEY_UIMainStoryboardFile = Main;
				INFOPLIST_KEY_UISupportedInterfaceOrientations_iPad = "UIInterfaceOrientationPortrait UIInterfaceOrientationPortraitUpsideDown UIInterfaceOrientationLandscapeLeft UIInterfaceOrientationLandscapeRight";
				INFOPLIST_KEY_UISupportedInterfaceOrientations_iPhone = "UIInterfaceOrientationPortrait UIInterfaceOrientationLandscapeLeft UIInterfaceOrientationLandscapeRight";
				LD_RUNPATH_SEARCH_PATHS = (
					"$(inherited)",
					"@executable_path/Frameworks",
				);
				MARKETING_VERSION = 1.0;
				PRODUCT_BUNDLE_IDENTIFIER = com.ibrahimtasdemir.com.StokTracking;
				PRODUCT_NAME = "$(TARGET_NAME)";
				SWIFT_EMIT_LOC_STRINGS = YES;
				SWIFT_VERSION = 5.0;
				TARGETED_DEVICE_FAMILY = "1,2";
			};
			name = Release;
		};
/* End XCBuildConfiguration section */

/* Begin XCConfigurationList section */
		4F45E17F291831C9002A8294 /* Build configuration list for PBXProject "StokTracking" */ = {
			isa = XCConfigurationList;
			buildConfigurations = (
				4F45E199291831CA002A8294 /* Debug */,
				4F45E19A291831CA002A8294 /* Release */,
			);
			defaultConfigurationIsVisible = 0;
			defaultConfigurationName = Release;
		};
		4F45E19B291831CA002A8294 /* Build configuration list for PBXNativeTarget "StokTracking" */ = {
			isa = XCConfigurationList;
			buildConfigurations = (
				4F45E19C291831CA002A8294 /* Debug */,
				4F45E19D291831CA002A8294 /* Release */,
			);
			defaultConfigurationIsVisible = 0;
			defaultConfigurationName = Release;
		};
/* End XCConfigurationList section */

/* Begin XCVersionGroup section */
		4F45E190291831C9002A8294 /* StokTracking.xcdatamodeld */ = {
			isa = XCVersionGroup;
			children = (
				4F45E191291831C9002A8294 /* StokTracking.xcdatamodel */,
			);
			currentVersion = 4F45E191291831C9002A8294 /* StokTracking.xcdatamodel */;
			path = StokTracking.xcdatamodeld;
			sourceTree = "<group>";
			versionGroupType = wrapper.xcdatamodel;
		};
/* End XCVersionGroup section */
	};
	rootObject = 4F45E17C291831C9002A8294 /* Project object */;
}
